// !$*UTF8*$!
{
	archiveVersion = 1;
	classes = {
	};
	objectVersion = 46;
	objects = {

/* Begin PBXBuildFile section */
		008F07F31AC5B25A0029DE68 /* main.jsbundle in Resources */ = {isa = PBXBuildFile; fileRef = 008F07F21AC5B25A0029DE68 /* main.jsbundle */; };
		00C302E51ABCBA2D00DB3ED1 /* libRCTActionSheet.a in Frameworks */ = {isa = PBXBuildFile; fileRef = 00C302AC1ABCB8CE00DB3ED1 /* libRCTActionSheet.a */; };
		00C302E71ABCBA2D00DB3ED1 /* libRCTGeolocation.a in Frameworks */ = {isa = PBXBuildFile; fileRef = 00C302BA1ABCB90400DB3ED1 /* libRCTGeolocation.a */; };
		00C302E81ABCBA2D00DB3ED1 /* libRCTImage.a in Frameworks */ = {isa = PBXBuildFile; fileRef = 00C302C01ABCB91800DB3ED1 /* libRCTImage.a */; };
		00C302E91ABCBA2D00DB3ED1 /* libRCTNetwork.a in Frameworks */ = {isa = PBXBuildFile; fileRef = 00C302DC1ABCB9D200DB3ED1 /* libRCTNetwork.a */; };
		00C302EA1ABCBA2D00DB3ED1 /* libRCTVibration.a in Frameworks */ = {isa = PBXBuildFile; fileRef = 00C302E41ABCB9EE00DB3ED1 /* libRCTVibration.a */; };
		00E356F31AD99517003FC87E /* GuaDaMarketTests.m in Sources */ = {isa = PBXBuildFile; fileRef = 00E356F21AD99517003FC87E /* GuaDaMarketTests.m */; };
		133E29F31AD74F7200F7D852 /* libRCTLinking.a in Frameworks */ = {isa = PBXBuildFile; fileRef = 78C398B91ACF4ADC00677621 /* libRCTLinking.a */; };
		139105C61AF99C1200B5F7CC /* libRCTSettings.a in Frameworks */ = {isa = PBXBuildFile; fileRef = 139105C11AF99BAD00B5F7CC /* libRCTSettings.a */; };
		139FDEF61B0652A700C62182 /* libRCTWebSocket.a in Frameworks */ = {isa = PBXBuildFile; fileRef = 139FDEF41B06529B00C62182 /* libRCTWebSocket.a */; };
		13B07FBD1A68108700A75B9A /* LaunchScreen.xib in Resources */ = {isa = PBXBuildFile; fileRef = 13B07FB11A68108700A75B9A /* LaunchScreen.xib */; };
		13B07FBF1A68108700A75B9A /* Images.xcassets in Resources */ = {isa = PBXBuildFile; fileRef = 13B07FB51A68108700A75B9A /* Images.xcassets */; };
		146834051AC3E58100842450 /* libReact.a in Frameworks */ = {isa = PBXBuildFile; fileRef = 146834041AC3E56700842450 /* libReact.a */; };
		73C259371B6C9E2C002200C0 /* LICENSE in Resources */ = {isa = PBXBuildFile; fileRef = 73C259151B6C9E2C002200C0 /* LICENSE */; };
		73C259641B6CD2E3002200C0 /* bg.png in Resources */ = {isa = PBXBuildFile; fileRef = 73C259631B6CD2E2002200C0 /* bg.png */; };
		73C259661B6CE49D002200C0 /* FontAwesome.ttf in Resources */ = {isa = PBXBuildFile; fileRef = 73C259651B6CE37D002200C0 /* FontAwesome.ttf */; };
		73E5E95A1B60B0F8000188D5 /* loading@2x.png in Resources */ = {isa = PBXBuildFile; fileRef = 73E5E9571B60B0F8000188D5 /* loading@2x.png */; };
		73E5E95B1B60B0F8000188D5 /* tab_icon01_n@2x.png in Resources */ = {isa = PBXBuildFile; fileRef = 73E5E9581B60B0F8000188D5 /* tab_icon01_n@2x.png */; };
		73E5E95C1B60B0F8000188D5 /* tab_icon11_n@2x.png in Resources */ = {isa = PBXBuildFile; fileRef = 73E5E9591B60B0F8000188D5 /* tab_icon11_n@2x.png */; };
		832341BD1AAA6AB300B99B32 /* libRCTText.a in Frameworks */ = {isa = PBXBuildFile; fileRef = 832341B51AAA6A8300B99B32 /* libRCTText.a */; };
/* End PBXBuildFile section */

/* Begin PBXContainerItemProxy section */
		00C302AB1ABCB8CE00DB3ED1 /* PBXContainerItemProxy */ = {
			isa = PBXContainerItemProxy;
			containerPortal = 00C302A71ABCB8CE00DB3ED1 /* RCTActionSheet.xcodeproj */;
			proxyType = 2;
			remoteGlobalIDString = 134814201AA4EA6300B7C361;
			remoteInfo = RCTActionSheet;
		};
		00C302B91ABCB90400DB3ED1 /* PBXContainerItemProxy */ = {
			isa = PBXContainerItemProxy;
			containerPortal = 00C302B51ABCB90400DB3ED1 /* RCTGeolocation.xcodeproj */;
			proxyType = 2;
			remoteGlobalIDString = 134814201AA4EA6300B7C361;
			remoteInfo = RCTGeolocation;
		};
		00C302BF1ABCB91800DB3ED1 /* PBXContainerItemProxy */ = {
			isa = PBXContainerItemProxy;
			containerPortal = 00C302BB1ABCB91800DB3ED1 /* RCTImage.xcodeproj */;
			proxyType = 2;
			remoteGlobalIDString = 58B5115D1A9E6B3D00147676;
			remoteInfo = RCTImage;
		};
		00C302DB1ABCB9D200DB3ED1 /* PBXContainerItemProxy */ = {
			isa = PBXContainerItemProxy;
			containerPortal = 00C302D31ABCB9D200DB3ED1 /* RCTNetwork.xcodeproj */;
			proxyType = 2;
			remoteGlobalIDString = 58B511DB1A9E6C8500147676;
			remoteInfo = RCTNetwork;
		};
		00C302E31ABCB9EE00DB3ED1 /* PBXContainerItemProxy */ = {
			isa = PBXContainerItemProxy;
			containerPortal = 00C302DF1ABCB9EE00DB3ED1 /* RCTVibration.xcodeproj */;
			proxyType = 2;
			remoteGlobalIDString = 832C81801AAF6DEF007FA2F7;
			remoteInfo = RCTVibration;
		};
		00E356F41AD99517003FC87E /* PBXContainerItemProxy */ = {
			isa = PBXContainerItemProxy;
			containerPortal = 83CBB9F71A601CBA00E9B192 /* Project object */;
			proxyType = 1;
			remoteGlobalIDString = 13B07F861A680F5B00A75B9A;
			remoteInfo = GuaDaMarket;
		};
		139105C01AF99BAD00B5F7CC /* PBXContainerItemProxy */ = {
			isa = PBXContainerItemProxy;
			containerPortal = 139105B61AF99BAD00B5F7CC /* RCTSettings.xcodeproj */;
			proxyType = 2;
			remoteGlobalIDString = 134814201AA4EA6300B7C361;
			remoteInfo = RCTSettings;
		};
		139FDEF31B06529B00C62182 /* PBXContainerItemProxy */ = {
			isa = PBXContainerItemProxy;
			containerPortal = 139FDEE61B06529A00C62182 /* RCTWebSocket.xcodeproj */;
			proxyType = 2;
			remoteGlobalIDString = 3C86DF461ADF2C930047B81A;
			remoteInfo = RCTWebSocket;
		};
		146834031AC3E56700842450 /* PBXContainerItemProxy */ = {
			isa = PBXContainerItemProxy;
			containerPortal = 146833FF1AC3E56700842450 /* React.xcodeproj */;
			proxyType = 2;
			remoteGlobalIDString = 83CBBA2E1A601D0E00E9B192;
			remoteInfo = React;
		};
		78C398B81ACF4ADC00677621 /* PBXContainerItemProxy */ = {
			isa = PBXContainerItemProxy;
			containerPortal = 78C398B01ACF4ADC00677621 /* RCTLinking.xcodeproj */;
			proxyType = 2;
			remoteGlobalIDString = 134814201AA4EA6300B7C361;
			remoteInfo = RCTLinking;
		};
		832341B41AAA6A8300B99B32 /* PBXContainerItemProxy */ = {
			isa = PBXContainerItemProxy;
			containerPortal = 832341B01AAA6A8300B99B32 /* RCTText.xcodeproj */;
			proxyType = 2;
			remoteGlobalIDString = 58B5119B1A9E6C1200147676;
			remoteInfo = RCTText;
		};
/* End PBXContainerItemProxy section */

/* Begin PBXFileReference section */
		008F07F21AC5B25A0029DE68 /* main.jsbundle */ = {isa = PBXFileReference; fileEncoding = 4; lastKnownFileType = text; name = main.jsbundle; path = iOS/main.jsbundle; sourceTree = "<group>"; };
		00C302A71ABCB8CE00DB3ED1 /* RCTActionSheet.xcodeproj */ = {isa = PBXFileReference; lastKnownFileType = "wrapper.pb-project"; name = RCTActionSheet.xcodeproj; path = "node_modules/react-native/Libraries/ActionSheetIOS/RCTActionSheet.xcodeproj"; sourceTree = "<group>"; };
		00C302B51ABCB90400DB3ED1 /* RCTGeolocation.xcodeproj */ = {isa = PBXFileReference; lastKnownFileType = "wrapper.pb-project"; name = RCTGeolocation.xcodeproj; path = "node_modules/react-native/Libraries/Geolocation/RCTGeolocation.xcodeproj"; sourceTree = "<group>"; };
		00C302BB1ABCB91800DB3ED1 /* RCTImage.xcodeproj */ = {isa = PBXFileReference; lastKnownFileType = "wrapper.pb-project"; name = RCTImage.xcodeproj; path = "node_modules/react-native/Libraries/Image/RCTImage.xcodeproj"; sourceTree = "<group>"; };
		00C302D31ABCB9D200DB3ED1 /* RCTNetwork.xcodeproj */ = {isa = PBXFileReference; lastKnownFileType = "wrapper.pb-project"; name = RCTNetwork.xcodeproj; path = "node_modules/react-native/Libraries/Network/RCTNetwork.xcodeproj"; sourceTree = "<group>"; };
		00C302DF1ABCB9EE00DB3ED1 /* RCTVibration.xcodeproj */ = {isa = PBXFileReference; lastKnownFileType = "wrapper.pb-project"; name = RCTVibration.xcodeproj; path = "node_modules/react-native/Libraries/Vibration/RCTVibration.xcodeproj"; sourceTree = "<group>"; };
		00E356EE1AD99517003FC87E /* GuaDaMarketTests.xctest */ = {isa = PBXFileReference; explicitFileType = wrapper.cfbundle; includeInIndex = 0; path = GuaDaMarketTests.xctest; sourceTree = BUILT_PRODUCTS_DIR; };
		00E356F11AD99517003FC87E /* Info.plist */ = {isa = PBXFileReference; lastKnownFileType = text.plist.xml; path = Info.plist; sourceTree = "<group>"; };
		00E356F21AD99517003FC87E /* GuaDaMarketTests.m */ = {isa = PBXFileReference; lastKnownFileType = sourcecode.c.objc; path = GuaDaMarketTests.m; sourceTree = "<group>"; };
		139105B61AF99BAD00B5F7CC /* RCTSettings.xcodeproj */ = {isa = PBXFileReference; lastKnownFileType = "wrapper.pb-project"; name = RCTSettings.xcodeproj; path = "node_modules/react-native/Libraries/Settings/RCTSettings.xcodeproj"; sourceTree = "<group>"; };
		139FDEE61B06529A00C62182 /* RCTWebSocket.xcodeproj */ = {isa = PBXFileReference; lastKnownFileType = "wrapper.pb-project"; name = RCTWebSocket.xcodeproj; path = "node_modules/react-native/Libraries/WebSocket/RCTWebSocket.xcodeproj"; sourceTree = "<group>"; };
		13B07F961A680F5B00A75B9A /* GuaDaMarket.app */ = {isa = PBXFileReference; explicitFileType = wrapper.application; includeInIndex = 0; path = GuaDaMarket.app; sourceTree = BUILT_PRODUCTS_DIR; };
		13B07FAF1A68108700A75B9A /* AppDelegate.h */ = {isa = PBXFileReference; fileEncoding = 4; lastKnownFileType = sourcecode.c.h; name = AppDelegate.h; path = iOS/AppDelegate.h; sourceTree = "<group>"; };
		13B07FB01A68108700A75B9A /* AppDelegate.m */ = {isa = PBXFileReference; fileEncoding = 4; lastKnownFileType = sourcecode.c.objc; name = AppDelegate.m; path = iOS/AppDelegate.m; sourceTree = "<group>"; };
		13B07FB21A68108700A75B9A /* Base */ = {isa = PBXFileReference; lastKnownFileType = file.xib; name = Base; path = Base.lproj/LaunchScreen.xib; sourceTree = "<group>"; };
		13B07FB51A68108700A75B9A /* Images.xcassets */ = {isa = PBXFileReference; lastKnownFileType = folder.assetcatalog; name = Images.xcassets; path = iOS/Images.xcassets; sourceTree = "<group>"; };
		13B07FB61A68108700A75B9A /* Info.plist */ = {isa = PBXFileReference; fileEncoding = 4; lastKnownFileType = text.plist.xml; name = Info.plist; path = iOS/Info.plist; sourceTree = "<group>"; };
		13B07FB71A68108700A75B9A /* main.m */ = {isa = PBXFileReference; fileEncoding = 4; lastKnownFileType = sourcecode.c.objc; name = main.m; path = iOS/main.m; sourceTree = "<group>"; };
		146833FF1AC3E56700842450 /* React.xcodeproj */ = {isa = PBXFileReference; lastKnownFileType = "wrapper.pb-project"; name = React.xcodeproj; path = "node_modules/react-native/React/React.xcodeproj"; sourceTree = "<group>"; };
		73C258B51B6C8923002200C0 /* UIImagePickerManager.h */ = {isa = PBXFileReference; fileEncoding = 4; lastKnownFileType = sourcecode.c.h; name = UIImagePickerManager.h; path = "node_modules/react-native-image-picker/UIImagePickerManager.h"; sourceTree = "<group>"; };
		73C258B61B6C8923002200C0 /* UIImagePickerManager.m */ = {isa = PBXFileReference; fileEncoding = 4; lastKnownFileType = sourcecode.c.objc; name = UIImagePickerManager.m; path = "node_modules/react-native-image-picker/UIImagePickerManager.m"; sourceTree = "<group>"; };
		73C258C61B6C9E2C002200C0 /* BSExpandAnimator.h */ = {isa = PBXFileReference; fileEncoding = 4; lastKnownFileType = sourcecode.c.h; path = BSExpandAnimator.h; sourceTree = "<group>"; };
		73C258C71B6C9E2C002200C0 /* BSExpandAnimator.m */ = {isa = PBXFileReference; fileEncoding = 4; lastKnownFileType = sourcecode.c.objc; path = BSExpandAnimator.m; sourceTree = "<group>"; };
		73C258C81B6C9E2C002200C0 /* BSShrinkAnimator.h */ = {isa = PBXFileReference; fileEncoding = 4; lastKnownFileType = sourcecode.c.h; path = BSShrinkAnimator.h; sourceTree = "<group>"; };
		73C258C91B6C9E2C002200C0 /* BSShrinkAnimator.m */ = {isa = PBXFileReference; fileEncoding = 4; lastKnownFileType = sourcecode.c.objc; path = BSShrinkAnimator.m; sourceTree = "<group>"; };
		73C258CA1B6C9E2C002200C0 /* UIImageViewModeScaleAspect.h */ = {isa = PBXFileReference; fileEncoding = 4; lastKnownFileType = sourcecode.c.h; path = UIImageViewModeScaleAspect.h; sourceTree = "<group>"; };
		73C258CB1B6C9E2C002200C0 /* UIImageViewModeScaleAspect.m */ = {isa = PBXFileReference; fileEncoding = 4; lastKnownFileType = sourcecode.c.objc; path = UIImageViewModeScaleAspect.m; sourceTree = "<group>"; };
		73C258CD1B6C9E2C002200C0 /* ALAsset+BSEqual.h */ = {isa = PBXFileReference; fileEncoding = 4; lastKnownFileType = sourcecode.c.h; path = "ALAsset+BSEqual.h"; sourceTree = "<group>"; };
		73C258CE1B6C9E2C002200C0 /* ALAsset+BSEqual.m */ = {isa = PBXFileReference; fileEncoding = 4; lastKnownFileType = sourcecode.c.objc; path = "ALAsset+BSEqual.m"; sourceTree = "<group>"; };
		73C258CF1B6C9E2C002200C0 /* ALAssetsGroup+Equal.h */ = {isa = PBXFileReference; fileEncoding = 4; lastKnownFileType = sourcecode.c.h; path = "ALAssetsGroup+Equal.h"; sourceTree = "<group>"; };
		73C258D01B6C9E2C002200C0 /* ALAssetsGroup+Equal.m */ = {isa = PBXFileReference; fileEncoding = 4; lastKnownFileType = sourcecode.c.objc; path = "ALAssetsGroup+Equal.m"; sourceTree = "<group>"; };
		73C258D21B6C9E2C002200C0 /* BSCollectionController+BSItemsModel.h */ = {isa = PBXFileReference; fileEncoding = 4; lastKnownFileType = sourcecode.c.h; path = "BSCollectionController+BSItemsModel.h"; sourceTree = "<group>"; };
		73C258D31B6C9E2C002200C0 /* BSCollectionController+BSItemsModel.m */ = {isa = PBXFileReference; fileEncoding = 4; lastKnownFileType = sourcecode.c.objc; path = "BSCollectionController+BSItemsModel.m"; sourceTree = "<group>"; };
		73C258D41B6C9E2C002200C0 /* BSCollectionController+UICollectionView.h */ = {isa = PBXFileReference; fileEncoding = 4; lastKnownFileType = sourcecode.c.h; path = "BSCollectionController+UICollectionView.h"; sourceTree = "<group>"; };
		73C258D51B6C9E2C002200C0 /* BSCollectionController+UICollectionView.m */ = {isa = PBXFileReference; fileEncoding = 4; lastKnownFileType = sourcecode.c.objc; path = "BSCollectionController+UICollectionView.m"; sourceTree = "<group>"; };
		73C258D61B6C9E2C002200C0 /* BSPhotosController+BSItemsModel.h */ = {isa = PBXFileReference; fileEncoding = 4; lastKnownFileType = sourcecode.c.h; path = "BSPhotosController+BSItemsModel.h"; sourceTree = "<group>"; };
		73C258D71B6C9E2C002200C0 /* BSPhotosController+BSItemsModel.m */ = {isa = PBXFileReference; fileEncoding = 4; lastKnownFileType = sourcecode.c.objc; path = "BSPhotosController+BSItemsModel.m"; sourceTree = "<group>"; };
		73C258D91B6C9E2C002200C0 /* BSPhotosController+PrivateMethods.h */ = {isa = PBXFileReference; fileEncoding = 4; lastKnownFileType = sourcecode.c.h; path = "BSPhotosController+PrivateMethods.h"; sourceTree = "<group>"; };
		73C258DA1B6C9E2C002200C0 /* BSPhotosController+PrivateMethods.m */ = {isa = PBXFileReference; fileEncoding = 4; lastKnownFileType = sourcecode.c.objc; path = "BSPhotosController+PrivateMethods.m"; sourceTree = "<group>"; };
		73C258DB1B6C9E2C002200C0 /* BSPhotosController+UICollectionView.h */ = {isa = PBXFileReference; fileEncoding = 4; lastKnownFileType = sourcecode.c.h; path = "BSPhotosController+UICollectionView.h"; sourceTree = "<group>"; };
		73C258DC1B6C9E2C002200C0 /* BSPhotosController+UICollectionView.m */ = {isa = PBXFileReference; fileEncoding = 4; lastKnownFileType = sourcecode.c.objc; path = "BSPhotosController+UICollectionView.m"; sourceTree = "<group>"; };
		73C258DE1B6C9E2C002200C0 /* BSPreviewController+UICollectionView.h */ = {isa = PBXFileReference; fileEncoding = 4; lastKnownFileType = sourcecode.c.h; path = "BSPreviewController+UICollectionView.h"; sourceTree = "<group>"; };
		73C258DF1B6C9E2C002200C0 /* BSPreviewController+UICollectionView.m */ = {isa = PBXFileReference; fileEncoding = 4; lastKnownFileType = sourcecode.c.objc; path = "BSPreviewController+UICollectionView.m"; sourceTree = "<group>"; };
		73C258E11B6C9E2C002200C0 /* BSTableController+BSItemsModel.h */ = {isa = PBXFileReference; fileEncoding = 4; lastKnownFileType = sourcecode.c.h; path = "BSTableController+BSItemsModel.h"; sourceTree = "<group>"; };
		73C258E21B6C9E2C002200C0 /* BSTableController+BSItemsModel.m */ = {isa = PBXFileReference; fileEncoding = 4; lastKnownFileType = sourcecode.c.objc; path = "BSTableController+BSItemsModel.m"; sourceTree = "<group>"; };
		73C258E31B6C9E2C002200C0 /* BSTableController+UITableView.h */ = {isa = PBXFileReference; fileEncoding = 4; lastKnownFileType = sourcecode.c.h; path = "BSTableController+UITableView.h"; sourceTree = "<group>"; };
		73C258E41B6C9E2C002200C0 /* BSTableController+UITableView.m */ = {isa = PBXFileReference; fileEncoding = 4; lastKnownFileType = sourcecode.c.objc; path = "BSTableController+UITableView.m"; sourceTree = "<group>"; };
		73C258E51B6C9E2C002200C0 /* UIViewController+BSImagePicker.h */ = {isa = PBXFileReference; fileEncoding = 4; lastKnownFileType = sourcecode.c.h; path = "UIViewController+BSImagePicker.h"; sourceTree = "<group>"; };
		73C258E61B6C9E2C002200C0 /* UIViewController+BSImagePicker.m */ = {isa = PBXFileReference; fileEncoding = 4; lastKnownFileType = sourcecode.c.objc; path = "UIViewController+BSImagePicker.m"; sourceTree = "<group>"; };
		73C258E81B6C9E2C002200C0 /* BSCollectionController.h */ = {isa = PBXFileReference; fileEncoding = 4; lastKnownFileType = sourcecode.c.h; path = BSCollectionController.h; sourceTree = "<group>"; };
		73C258E91B6C9E2C002200C0 /* BSCollectionController.m */ = {isa = PBXFileReference; fileEncoding = 4; lastKnownFileType = sourcecode.c.objc; path = BSCollectionController.m; sourceTree = "<group>"; };
		73C258EA1B6C9E2C002200C0 /* BSImagePickerController.h */ = {isa = PBXFileReference; fileEncoding = 4; lastKnownFileType = sourcecode.c.h; path = BSImagePickerController.h; sourceTree = "<group>"; };
		73C258EB1B6C9E2C002200C0 /* BSImagePickerController.m */ = {isa = PBXFileReference; fileEncoding = 4; lastKnownFileType = sourcecode.c.objc; path = BSImagePickerController.m; sourceTree = "<group>"; };
		73C258EC1B6C9E2C002200C0 /* BSPhotosController.h */ = {isa = PBXFileReference; fileEncoding = 4; lastKnownFileType = sourcecode.c.h; path = BSPhotosController.h; sourceTree = "<group>"; };
		73C258ED1B6C9E2C002200C0 /* BSPhotosController.m */ = {isa = PBXFileReference; fileEncoding = 4; lastKnownFileType = sourcecode.c.objc; path = BSPhotosController.m; sourceTree = "<group>"; };
		73C258EE1B6C9E2C002200C0 /* BSPreviewController.h */ = {isa = PBXFileReference; fileEncoding = 4; lastKnownFileType = sourcecode.c.h; path = BSPreviewController.h; sourceTree = "<group>"; };
		73C258EF1B6C9E2C002200C0 /* BSPreviewController.m */ = {isa = PBXFileReference; fileEncoding = 4; lastKnownFileType = sourcecode.c.objc; path = BSPreviewController.m; sourceTree = "<group>"; };
		73C258F01B6C9E2C002200C0 /* BSTableController.h */ = {isa = PBXFileReference; fileEncoding = 4; lastKnownFileType = sourcecode.c.h; path = BSTableController.h; sourceTree = "<group>"; };
		73C258F11B6C9E2C002200C0 /* BSTableController.m */ = {isa = PBXFileReference; fileEncoding = 4; lastKnownFileType = sourcecode.c.objc; path = BSTableController.m; sourceTree = "<group>"; };
		73C258F31B6C9E2C002200C0 /* BSAlbumTableViewCellFactory.h */ = {isa = PBXFileReference; fileEncoding = 4; lastKnownFileType = sourcecode.c.h; path = BSAlbumTableViewCellFactory.h; sourceTree = "<group>"; };
		73C258F41B6C9E2C002200C0 /* BSAlbumTableViewCellFactory.m */ = {isa = PBXFileReference; fileEncoding = 4; lastKnownFileType = sourcecode.c.objc; path = BSAlbumTableViewCellFactory.m; sourceTree = "<group>"; };
		73C258F51B6C9E2C002200C0 /* BSPhotoCollectionViewCellFactory.h */ = {isa = PBXFileReference; fileEncoding = 4; lastKnownFileType = sourcecode.c.h; path = BSPhotoCollectionViewCellFactory.h; sourceTree = "<group>"; };
		73C258F61B6C9E2C002200C0 /* BSPhotoCollectionViewCellFactory.m */ = {isa = PBXFileReference; fileEncoding = 4; lastKnownFileType = sourcecode.c.objc; path = BSPhotoCollectionViewCellFactory.m; sourceTree = "<group>"; };
		73C258F71B6C9E2C002200C0 /* BSPreviewCollectionViewCellFactory.h */ = {isa = PBXFileReference; fileEncoding = 4; lastKnownFileType = sourcecode.c.h; path = BSPreviewCollectionViewCellFactory.h; sourceTree = "<group>"; };
		73C258F81B6C9E2C002200C0 /* BSPreviewCollectionViewCellFactory.m */ = {isa = PBXFileReference; fileEncoding = 4; lastKnownFileType = sourcecode.c.objc; path = BSPreviewCollectionViewCellFactory.m; sourceTree = "<group>"; };
		73C258FA1B6C9E2C002200C0 /* BSAssetModel.h */ = {isa = PBXFileReference; fileEncoding = 4; lastKnownFileType = sourcecode.c.h; path = BSAssetModel.h; sourceTree = "<group>"; };
		73C258FB1B6C9E2C002200C0 /* BSAssetModel.m */ = {isa = PBXFileReference; fileEncoding = 4; lastKnownFileType = sourcecode.c.objc; path = BSAssetModel.m; sourceTree = "<group>"; };
		73C258FC1B6C9E2C002200C0 /* BSAssetsGroupModel.h */ = {isa = PBXFileReference; fileEncoding = 4; lastKnownFileType = sourcecode.c.h; path = BSAssetsGroupModel.h; sourceTree = "<group>"; };
		73C258FD1B6C9E2C002200C0 /* BSAssetsGroupModel.m */ = {isa = PBXFileReference; fileEncoding = 4; lastKnownFileType = sourcecode.c.objc; path = BSAssetsGroupModel.m; sourceTree = "<group>"; };
		73C258FF1B6C9E2C002200C0 /* BSCollectionViewCellFactory.h */ = {isa = PBXFileReference; fileEncoding = 4; lastKnownFileType = sourcecode.c.h; path = BSCollectionViewCellFactory.h; sourceTree = "<group>"; };
		73C259001B6C9E2C002200C0 /* BSItemsModel.h */ = {isa = PBXFileReference; fileEncoding = 4; lastKnownFileType = sourcecode.c.h; path = BSItemsModel.h; sourceTree = "<group>"; };
		73C259011B6C9E2C002200C0 /* BSItemsModelDelegate.h */ = {isa = PBXFileReference; fileEncoding = 4; lastKnownFileType = sourcecode.c.h; path = BSItemsModelDelegate.h; sourceTree = "<group>"; };
		73C259021B6C9E2C002200C0 /* BSTableViewCellFactory.h */ = {isa = PBXFileReference; fileEncoding = 4; lastKnownFileType = sourcecode.c.h; path = BSTableViewCellFactory.h; sourceTree = "<group>"; };
		73C259041B6C9E2C002200C0 /* BSImagePickerSettings.h */ = {isa = PBXFileReference; fileEncoding = 4; lastKnownFileType = sourcecode.c.h; path = BSImagePickerSettings.h; sourceTree = "<group>"; };
		73C259051B6C9E2C002200C0 /* BSImagePickerSettings.m */ = {isa = PBXFileReference; fileEncoding = 4; lastKnownFileType = sourcecode.c.objc; path = BSImagePickerSettings.m; sourceTree = "<group>"; };
		73C259071B6C9E2C002200C0 /* BSAlbumCell.h */ = {isa = PBXFileReference; fileEncoding = 4; lastKnownFileType = sourcecode.c.h; path = BSAlbumCell.h; sourceTree = "<group>"; };
		73C259081B6C9E2C002200C0 /* BSAlbumCell.m */ = {isa = PBXFileReference; fileEncoding = 4; lastKnownFileType = sourcecode.c.objc; path = BSAlbumCell.m; sourceTree = "<group>"; };
		73C259091B6C9E2C002200C0 /* BSCameraView.h */ = {isa = PBXFileReference; fileEncoding = 4; lastKnownFileType = sourcecode.c.h; path = BSCameraView.h; sourceTree = "<group>"; };
		73C2590A1B6C9E2C002200C0 /* BSCameraView.m */ = {isa = PBXFileReference; fileEncoding = 4; lastKnownFileType = sourcecode.c.objc; path = BSCameraView.m; sourceTree = "<group>"; };
		73C2590B1B6C9E2C002200C0 /* BSNumberedSelectionView.h */ = {isa = PBXFileReference; fileEncoding = 4; lastKnownFileType = sourcecode.c.h; path = BSNumberedSelectionView.h; sourceTree = "<group>"; };
		73C2590C1B6C9E2C002200C0 /* BSNumberedSelectionView.m */ = {isa = PBXFileReference; fileEncoding = 4; lastKnownFileType = sourcecode.c.objc; path = BSNumberedSelectionView.m; sourceTree = "<group>"; };
		73C2590D1B6C9E2C002200C0 /* BSPhotoCell.h */ = {isa = PBXFileReference; fileEncoding = 4; lastKnownFileType = sourcecode.c.h; path = BSPhotoCell.h; sourceTree = "<group>"; };
		73C2590E1B6C9E2C002200C0 /* BSPhotoCell.m */ = {isa = PBXFileReference; fileEncoding = 4; lastKnownFileType = sourcecode.c.objc; path = BSPhotoCell.m; sourceTree = "<group>"; };
		73C2590F1B6C9E2C002200C0 /* BSSpeechBubbleView.h */ = {isa = PBXFileReference; fileEncoding = 4; lastKnownFileType = sourcecode.c.h; path = BSSpeechBubbleView.h; sourceTree = "<group>"; };
		73C259101B6C9E2C002200C0 /* BSSpeechBubbleView.m */ = {isa = PBXFileReference; fileEncoding = 4; lastKnownFileType = sourcecode.c.objc; path = BSSpeechBubbleView.m; sourceTree = "<group>"; };
		73C259111B6C9E2C002200C0 /* BSTriangleView.h */ = {isa = PBXFileReference; fileEncoding = 4; lastKnownFileType = sourcecode.c.h; path = BSTriangleView.h; sourceTree = "<group>"; };
		73C259121B6C9E2C002200C0 /* BSTriangleView.m */ = {isa = PBXFileReference; fileEncoding = 4; lastKnownFileType = sourcecode.c.objc; path = BSTriangleView.m; sourceTree = "<group>"; };
		73C259131B6C9E2C002200C0 /* BSVideoCell.h */ = {isa = PBXFileReference; fileEncoding = 4; lastKnownFileType = sourcecode.c.h; path = BSVideoCell.h; sourceTree = "<group>"; };
		73C259141B6C9E2C002200C0 /* BSVideoCell.m */ = {isa = PBXFileReference; fileEncoding = 4; lastKnownFileType = sourcecode.c.objc; path = BSVideoCell.m; sourceTree = "<group>"; };
		73C259151B6C9E2C002200C0 /* LICENSE */ = {isa = PBXFileReference; fileEncoding = 4; lastKnownFileType = text; path = LICENSE; sourceTree = "<group>"; };
		73C259161B6C9E2C002200C0 /* README.md */ = {isa = PBXFileReference; fileEncoding = 4; lastKnownFileType = net.daringfireball.markdown; path = README.md; sourceTree = "<group>"; };
		73C259631B6CD2E2002200C0 /* bg.png */ = {isa = PBXFileReference; lastKnownFileType = image.png; path = bg.png; sourceTree = "<group>"; };
		73C259651B6CE37D002200C0 /* FontAwesome.ttf */ = {isa = PBXFileReference; lastKnownFileType = file; name = FontAwesome.ttf; path = "node_modules/react-native-vector-icons/Fonts/FontAwesome.ttf"; sourceTree = "<group>"; };
		73E5E9571B60B0F8000188D5 /* loading@2x.png */ = {isa = PBXFileReference; lastKnownFileType = image.png; path = "loading@2x.png"; sourceTree = "<group>"; };
		73E5E9581B60B0F8000188D5 /* tab_icon01_n@2x.png */ = {isa = PBXFileReference; lastKnownFileType = image.png; path = "tab_icon01_n@2x.png"; sourceTree = "<group>"; };
		73E5E9591B60B0F8000188D5 /* tab_icon11_n@2x.png */ = {isa = PBXFileReference; lastKnownFileType = image.png; path = "tab_icon11_n@2x.png"; sourceTree = "<group>"; };
		78C398B01ACF4ADC00677621 /* RCTLinking.xcodeproj */ = {isa = PBXFileReference; lastKnownFileType = "wrapper.pb-project"; name = RCTLinking.xcodeproj; path = "node_modules/react-native/Libraries/LinkingIOS/RCTLinking.xcodeproj"; sourceTree = "<group>"; };
		832341B01AAA6A8300B99B32 /* RCTText.xcodeproj */ = {isa = PBXFileReference; lastKnownFileType = "wrapper.pb-project"; name = RCTText.xcodeproj; path = "node_modules/react-native/Libraries/Text/RCTText.xcodeproj"; sourceTree = "<group>"; };
/* End PBXFileReference section */

/* Begin PBXFrameworksBuildPhase section */
		00E356EB1AD99517003FC87E /* Frameworks */ = {
			isa = PBXFrameworksBuildPhase;
			buildActionMask = 2147483647;
			files = (
			);
			runOnlyForDeploymentPostprocessing = 0;
		};
		13B07F8C1A680F5B00A75B9A /* Frameworks */ = {
			isa = PBXFrameworksBuildPhase;
			buildActionMask = 2147483647;
			files = (
				146834051AC3E58100842450 /* libReact.a in Frameworks */,
				00C302E51ABCBA2D00DB3ED1 /* libRCTActionSheet.a in Frameworks */,
				00C302E71ABCBA2D00DB3ED1 /* libRCTGeolocation.a in Frameworks */,
				00C302E81ABCBA2D00DB3ED1 /* libRCTImage.a in Frameworks */,
				133E29F31AD74F7200F7D852 /* libRCTLinking.a in Frameworks */,
				00C302E91ABCBA2D00DB3ED1 /* libRCTNetwork.a in Frameworks */,
				139105C61AF99C1200B5F7CC /* libRCTSettings.a in Frameworks */,
				832341BD1AAA6AB300B99B32 /* libRCTText.a in Frameworks */,
				00C302EA1ABCBA2D00DB3ED1 /* libRCTVibration.a in Frameworks */,
				139FDEF61B0652A700C62182 /* libRCTWebSocket.a in Frameworks */,
			);
			runOnlyForDeploymentPostprocessing = 0;
		};
/* End PBXFrameworksBuildPhase section */

/* Begin PBXGroup section */
		00C302A81ABCB8CE00DB3ED1 /* Products */ = {
			isa = PBXGroup;
			children = (
				00C302AC1ABCB8CE00DB3ED1 /* libRCTActionSheet.a */,
			);
			name = Products;
			sourceTree = "<group>";
		};
		00C302B61ABCB90400DB3ED1 /* Products */ = {
			isa = PBXGroup;
			children = (
				00C302BA1ABCB90400DB3ED1 /* libRCTGeolocation.a */,
			);
			name = Products;
			sourceTree = "<group>";
		};
		00C302BC1ABCB91800DB3ED1 /* Products */ = {
			isa = PBXGroup;
			children = (
				00C302C01ABCB91800DB3ED1 /* libRCTImage.a */,
			);
			name = Products;
			sourceTree = "<group>";
		};
		00C302D41ABCB9D200DB3ED1 /* Products */ = {
			isa = PBXGroup;
			children = (
				00C302DC1ABCB9D200DB3ED1 /* libRCTNetwork.a */,
			);
			name = Products;
			sourceTree = "<group>";
		};
		00C302E01ABCB9EE00DB3ED1 /* Products */ = {
			isa = PBXGroup;
			children = (
				00C302E41ABCB9EE00DB3ED1 /* libRCTVibration.a */,
			);
			name = Products;
			sourceTree = "<group>";
		};
		00E356EF1AD99517003FC87E /* GuaDaMarketTests */ = {
			isa = PBXGroup;
			children = (
				00E356F21AD99517003FC87E /* GuaDaMarketTests.m */,
				00E356F01AD99517003FC87E /* Supporting Files */,
			);
			path = GuaDaMarketTests;
			sourceTree = "<group>";
		};
		00E356F01AD99517003FC87E /* Supporting Files */ = {
			isa = PBXGroup;
			children = (
				00E356F11AD99517003FC87E /* Info.plist */,
			);
			name = "Supporting Files";
			sourceTree = "<group>";
		};
		139105B71AF99BAD00B5F7CC /* Products */ = {
			isa = PBXGroup;
			children = (
				139105C11AF99BAD00B5F7CC /* libRCTSettings.a */,
			);
			name = Products;
			sourceTree = "<group>";
		};
		139FDEE71B06529A00C62182 /* Products */ = {
			isa = PBXGroup;
			children = (
				139FDEF41B06529B00C62182 /* libRCTWebSocket.a */,
			);
			name = Products;
			sourceTree = "<group>";
		};
		13B07FAE1A68108700A75B9A /* GuaDaMarket */ = {
			isa = PBXGroup;
			children = (
				73C258C21B6C8930002200C0 /* ThirdPart */,
				73E5E9561B60B0F8000188D5 /* image */,
				008F07F21AC5B25A0029DE68 /* main.jsbundle */,
				13B07FAF1A68108700A75B9A /* AppDelegate.h */,
				13B07FB01A68108700A75B9A /* AppDelegate.m */,
				13B07FB51A68108700A75B9A /* Images.xcassets */,
				13B07FB61A68108700A75B9A /* Info.plist */,
				13B07FB11A68108700A75B9A /* LaunchScreen.xib */,
				13B07FB71A68108700A75B9A /* main.m */,
			);
			name = GuaDaMarket;
			sourceTree = "<group>";
		};
		146834001AC3E56700842450 /* Products */ = {
			isa = PBXGroup;
			children = (
				146834041AC3E56700842450 /* libReact.a */,
			);
			name = Products;
			sourceTree = "<group>";
		};
		73C258C21B6C8930002200C0 /* ThirdPart */ = {
			isa = PBXGroup;
			children = (
				73C258C31B6C9E2C002200C0 /* BSImagePicker */,
				73C258B51B6C8923002200C0 /* UIImagePickerManager.h */,
				73C258B61B6C8923002200C0 /* UIImagePickerManager.m */,
			);
			name = ThirdPart;
			sourceTree = "<group>";
		};
		73C258C31B6C9E2C002200C0 /* BSImagePicker */ = {
			isa = PBXGroup;
			children = (
				73C258C41B6C9E2C002200C0 /* BSImagePicker */,
				73C259151B6C9E2C002200C0 /* LICENSE */,
				73C259161B6C9E2C002200C0 /* README.md */,
			);
			path = BSImagePicker;
			sourceTree = "<group>";
		};
		73C258C41B6C9E2C002200C0 /* BSImagePicker */ = {
			isa = PBXGroup;
			children = (
				73C258C51B6C9E2C002200C0 /* Animator */,
				73C258CC1B6C9E2C002200C0 /* Category */,
				73C258E71B6C9E2C002200C0 /* Controller */,
				73C258F21B6C9E2C002200C0 /* Factory */,
				73C258F91B6C9E2C002200C0 /* Model */,
				73C258FE1B6C9E2C002200C0 /* Protocol */,
				73C259031B6C9E2C002200C0 /* Singleton */,
				73C259061B6C9E2C002200C0 /* View */,
			);
			path = BSImagePicker;
			sourceTree = "<group>";
		};
		73C258C51B6C9E2C002200C0 /* Animator */ = {
			isa = PBXGroup;
			children = (
				73C258C61B6C9E2C002200C0 /* BSExpandAnimator.h */,
				73C258C71B6C9E2C002200C0 /* BSExpandAnimator.m */,
				73C258C81B6C9E2C002200C0 /* BSShrinkAnimator.h */,
				73C258C91B6C9E2C002200C0 /* BSShrinkAnimator.m */,
				73C258CA1B6C9E2C002200C0 /* UIImageViewModeScaleAspect.h */,
				73C258CB1B6C9E2C002200C0 /* UIImageViewModeScaleAspect.m */,
			);
			path = Animator;
			sourceTree = "<group>";
		};
		73C258CC1B6C9E2C002200C0 /* Category */ = {
			isa = PBXGroup;
			children = (
				73C258CD1B6C9E2C002200C0 /* ALAsset+BSEqual.h */,
				73C258CE1B6C9E2C002200C0 /* ALAsset+BSEqual.m */,
				73C258CF1B6C9E2C002200C0 /* ALAssetsGroup+Equal.h */,
				73C258D01B6C9E2C002200C0 /* ALAssetsGroup+Equal.m */,
				73C258D11B6C9E2C002200C0 /* BSCollectionController */,
				73C258D81B6C9E2C002200C0 /* BSPhotosController */,
				73C258DD1B6C9E2C002200C0 /* BSPreviewController */,
				73C258E01B6C9E2C002200C0 /* BSTableController */,
				73C258E51B6C9E2C002200C0 /* UIViewController+BSImagePicker.h */,
				73C258E61B6C9E2C002200C0 /* UIViewController+BSImagePicker.m */,
			);
			path = Category;
			sourceTree = "<group>";
		};
		73C258D11B6C9E2C002200C0 /* BSCollectionController */ = {
			isa = PBXGroup;
			children = (
				73C258D21B6C9E2C002200C0 /* BSCollectionController+BSItemsModel.h */,
				73C258D31B6C9E2C002200C0 /* BSCollectionController+BSItemsModel.m */,
				73C258D41B6C9E2C002200C0 /* BSCollectionController+UICollectionView.h */,
				73C258D51B6C9E2C002200C0 /* BSCollectionController+UICollectionView.m */,
				73C258D61B6C9E2C002200C0 /* BSPhotosController+BSItemsModel.h */,
				73C258D71B6C9E2C002200C0 /* BSPhotosController+BSItemsModel.m */,
			);
			path = BSCollectionController;
			sourceTree = "<group>";
		};
		73C258D81B6C9E2C002200C0 /* BSPhotosController */ = {
			isa = PBXGroup;
			children = (
				73C258D91B6C9E2C002200C0 /* BSPhotosController+PrivateMethods.h */,
				73C258DA1B6C9E2C002200C0 /* BSPhotosController+PrivateMethods.m */,
				73C258DB1B6C9E2C002200C0 /* BSPhotosController+UICollectionView.h */,
				73C258DC1B6C9E2C002200C0 /* BSPhotosController+UICollectionView.m */,
			);
			path = BSPhotosController;
			sourceTree = "<group>";
		};
		73C258DD1B6C9E2C002200C0 /* BSPreviewController */ = {
			isa = PBXGroup;
			children = (
				73C258DE1B6C9E2C002200C0 /* BSPreviewController+UICollectionView.h */,
				73C258DF1B6C9E2C002200C0 /* BSPreviewController+UICollectionView.m */,
			);
			path = BSPreviewController;
			sourceTree = "<group>";
		};
		73C258E01B6C9E2C002200C0 /* BSTableController */ = {
			isa = PBXGroup;
			children = (
				73C258E11B6C9E2C002200C0 /* BSTableController+BSItemsModel.h */,
				73C258E21B6C9E2C002200C0 /* BSTableController+BSItemsModel.m */,
				73C258E31B6C9E2C002200C0 /* BSTableController+UITableView.h */,
				73C258E41B6C9E2C002200C0 /* BSTableController+UITableView.m */,
			);
			path = BSTableController;
			sourceTree = "<group>";
		};
		73C258E71B6C9E2C002200C0 /* Controller */ = {
			isa = PBXGroup;
			children = (
				73C258E81B6C9E2C002200C0 /* BSCollectionController.h */,
				73C258E91B6C9E2C002200C0 /* BSCollectionController.m */,
				73C258EA1B6C9E2C002200C0 /* BSImagePickerController.h */,
				73C258EB1B6C9E2C002200C0 /* BSImagePickerController.m */,
				73C258EC1B6C9E2C002200C0 /* BSPhotosController.h */,
				73C258ED1B6C9E2C002200C0 /* BSPhotosController.m */,
				73C258EE1B6C9E2C002200C0 /* BSPreviewController.h */,
				73C258EF1B6C9E2C002200C0 /* BSPreviewController.m */,
				73C258F01B6C9E2C002200C0 /* BSTableController.h */,
				73C258F11B6C9E2C002200C0 /* BSTableController.m */,
			);
			path = Controller;
			sourceTree = "<group>";
		};
		73C258F21B6C9E2C002200C0 /* Factory */ = {
			isa = PBXGroup;
			children = (
				73C258F31B6C9E2C002200C0 /* BSAlbumTableViewCellFactory.h */,
				73C258F41B6C9E2C002200C0 /* BSAlbumTableViewCellFactory.m */,
				73C258F51B6C9E2C002200C0 /* BSPhotoCollectionViewCellFactory.h */,
				73C258F61B6C9E2C002200C0 /* BSPhotoCollectionViewCellFactory.m */,
				73C258F71B6C9E2C002200C0 /* BSPreviewCollectionViewCellFactory.h */,
				73C258F81B6C9E2C002200C0 /* BSPreviewCollectionViewCellFactory.m */,
			);
			path = Factory;
			sourceTree = "<group>";
		};
		73C258F91B6C9E2C002200C0 /* Model */ = {
			isa = PBXGroup;
			children = (
				73C258FA1B6C9E2C002200C0 /* BSAssetModel.h */,
				73C258FB1B6C9E2C002200C0 /* BSAssetModel.m */,
				73C258FC1B6C9E2C002200C0 /* BSAssetsGroupModel.h */,
				73C258FD1B6C9E2C002200C0 /* BSAssetsGroupModel.m */,
			);
			path = Model;
			sourceTree = "<group>";
		};
		73C258FE1B6C9E2C002200C0 /* Protocol */ = {
			isa = PBXGroup;
			children = (
				73C258FF1B6C9E2C002200C0 /* BSCollectionViewCellFactory.h */,
				73C259001B6C9E2C002200C0 /* BSItemsModel.h */,
				73C259011B6C9E2C002200C0 /* BSItemsModelDelegate.h */,
				73C259021B6C9E2C002200C0 /* BSTableViewCellFactory.h */,
			);
			path = Protocol;
			sourceTree = "<group>";
		};
		73C259031B6C9E2C002200C0 /* Singleton */ = {
			isa = PBXGroup;
			children = (
				73C259041B6C9E2C002200C0 /* BSImagePickerSettings.h */,
				73C259051B6C9E2C002200C0 /* BSImagePickerSettings.m */,
			);
			path = Singleton;
			sourceTree = "<group>";
		};
		73C259061B6C9E2C002200C0 /* View */ = {
			isa = PBXGroup;
			children = (
				73C259071B6C9E2C002200C0 /* BSAlbumCell.h */,
				73C259081B6C9E2C002200C0 /* BSAlbumCell.m */,
				73C259091B6C9E2C002200C0 /* BSCameraView.h */,
				73C2590A1B6C9E2C002200C0 /* BSCameraView.m */,
				73C2590B1B6C9E2C002200C0 /* BSNumberedSelectionView.h */,
				73C2590C1B6C9E2C002200C0 /* BSNumberedSelectionView.m */,
				73C2590D1B6C9E2C002200C0 /* BSPhotoCell.h */,
				73C2590E1B6C9E2C002200C0 /* BSPhotoCell.m */,
				73C2590F1B6C9E2C002200C0 /* BSSpeechBubbleView.h */,
				73C259101B6C9E2C002200C0 /* BSSpeechBubbleView.m */,
				73C259111B6C9E2C002200C0 /* BSTriangleView.h */,
				73C259121B6C9E2C002200C0 /* BSTriangleView.m */,
				73C259131B6C9E2C002200C0 /* BSVideoCell.h */,
				73C259141B6C9E2C002200C0 /* BSVideoCell.m */,
			);
			path = View;
			sourceTree = "<group>";
		};
		73E5E9561B60B0F8000188D5 /* image */ = {
			isa = PBXGroup;
			children = (
				73C259631B6CD2E2002200C0 /* bg.png */,
				73E5E9571B60B0F8000188D5 /* loading@2x.png */,
				73E5E9581B60B0F8000188D5 /* tab_icon01_n@2x.png */,
				73E5E9591B60B0F8000188D5 /* tab_icon11_n@2x.png */,
			);
			path = image;
			sourceTree = "<group>";
		};
		78C398B11ACF4ADC00677621 /* Products */ = {
			isa = PBXGroup;
			children = (
				78C398B91ACF4ADC00677621 /* libRCTLinking.a */,
			);
			name = Products;
			sourceTree = "<group>";
		};
		832341AE1AAA6A7D00B99B32 /* Libraries */ = {
			isa = PBXGroup;
			children = (
				146833FF1AC3E56700842450 /* React.xcodeproj */,
				00C302A71ABCB8CE00DB3ED1 /* RCTActionSheet.xcodeproj */,
				00C302B51ABCB90400DB3ED1 /* RCTGeolocation.xcodeproj */,
				00C302BB1ABCB91800DB3ED1 /* RCTImage.xcodeproj */,
				78C398B01ACF4ADC00677621 /* RCTLinking.xcodeproj */,
				00C302D31ABCB9D200DB3ED1 /* RCTNetwork.xcodeproj */,
				139105B61AF99BAD00B5F7CC /* RCTSettings.xcodeproj */,
				832341B01AAA6A8300B99B32 /* RCTText.xcodeproj */,
				00C302DF1ABCB9EE00DB3ED1 /* RCTVibration.xcodeproj */,
				139FDEE61B06529A00C62182 /* RCTWebSocket.xcodeproj */,
			);
			name = Libraries;
			sourceTree = "<group>";
		};
		832341B11AAA6A8300B99B32 /* Products */ = {
			isa = PBXGroup;
			children = (
				832341B51AAA6A8300B99B32 /* libRCTText.a */,
			);
			name = Products;
			sourceTree = "<group>";
		};
		83CBB9F61A601CBA00E9B192 = {
			isa = PBXGroup;
			children = (
				73C259651B6CE37D002200C0 /* FontAwesome.ttf */,
				13B07FAE1A68108700A75B9A /* GuaDaMarket */,
				832341AE1AAA6A7D00B99B32 /* Libraries */,
				00E356EF1AD99517003FC87E /* GuaDaMarketTests */,
				83CBBA001A601CBA00E9B192 /* Products */,
			);
			indentWidth = 2;
			sourceTree = "<group>";
			tabWidth = 2;
		};
		83CBBA001A601CBA00E9B192 /* Products */ = {
			isa = PBXGroup;
			children = (
				13B07F961A680F5B00A75B9A /* GuaDaMarket.app */,
				00E356EE1AD99517003FC87E /* GuaDaMarketTests.xctest */,
			);
			name = Products;
			sourceTree = "<group>";
		};
/* End PBXGroup section */

/* Begin PBXNativeTarget section */
		00E356ED1AD99517003FC87E /* GuaDaMarketTests */ = {
			isa = PBXNativeTarget;
			buildConfigurationList = 00E357021AD99517003FC87E /* Build configuration list for PBXNativeTarget "GuaDaMarketTests" */;
			buildPhases = (
				00E356EA1AD99517003FC87E /* Sources */,
				00E356EB1AD99517003FC87E /* Frameworks */,
				00E356EC1AD99517003FC87E /* Resources */,
			);
			buildRules = (
			);
			dependencies = (
				00E356F51AD99517003FC87E /* PBXTargetDependency */,
			);
			name = GuaDaMarketTests;
			productName = GuaDaMarketTests;
			productReference = 00E356EE1AD99517003FC87E /* GuaDaMarketTests.xctest */;
			productType = "com.apple.product-type.bundle.unit-test";
		};
		13B07F861A680F5B00A75B9A /* GuaDaMarket */ = {
			isa = PBXNativeTarget;
			buildConfigurationList = 13B07F931A680F5B00A75B9A /* Build configuration list for PBXNativeTarget "GuaDaMarket" */;
			buildPhases = (
				13B07F8C1A680F5B00A75B9A /* Frameworks */,
				13B07F8E1A680F5B00A75B9A /* Resources */,
			);
			buildRules = (
			);
			dependencies = (
			);
			name = GuaDaMarket;
			productName = "Hello World";
			productReference = 13B07F961A680F5B00A75B9A /* GuaDaMarket.app */;
			productType = "com.apple.product-type.application";
		};
/* End PBXNativeTarget section */

/* Begin PBXProject section */
		83CBB9F71A601CBA00E9B192 /* Project object */ = {
			isa = PBXProject;
			attributes = {
				LastUpgradeCheck = 0610;
				ORGANIZATIONNAME = Facebook;
				TargetAttributes = {
					00E356ED1AD99517003FC87E = {
						CreatedOnToolsVersion = 6.2;
						TestTargetID = 13B07F861A680F5B00A75B9A;
					};
				};
			};
			buildConfigurationList = 83CBB9FA1A601CBA00E9B192 /* Build configuration list for PBXProject "GuaDaMarket" */;
			compatibilityVersion = "Xcode 3.2";
			developmentRegion = English;
			hasScannedForEncodings = 0;
			knownRegions = (
				en,
				Base,
			);
			mainGroup = 83CBB9F61A601CBA00E9B192;
			productRefGroup = 83CBBA001A601CBA00E9B192 /* Products */;
			projectDirPath = "";
			projectReferences = (
				{
					ProductGroup = 00C302A81ABCB8CE00DB3ED1 /* Products */;
					ProjectRef = 00C302A71ABCB8CE00DB3ED1 /* RCTActionSheet.xcodeproj */;
				},
				{
					ProductGroup = 00C302B61ABCB90400DB3ED1 /* Products */;
					ProjectRef = 00C302B51ABCB90400DB3ED1 /* RCTGeolocation.xcodeproj */;
				},
				{
					ProductGroup = 00C302BC1ABCB91800DB3ED1 /* Products */;
					ProjectRef = 00C302BB1ABCB91800DB3ED1 /* RCTImage.xcodeproj */;
				},
				{
					ProductGroup = 78C398B11ACF4ADC00677621 /* Products */;
					ProjectRef = 78C398B01ACF4ADC00677621 /* RCTLinking.xcodeproj */;
				},
				{
					ProductGroup = 00C302D41ABCB9D200DB3ED1 /* Products */;
					ProjectRef = 00C302D31ABCB9D200DB3ED1 /* RCTNetwork.xcodeproj */;
				},
				{
					ProductGroup = 139105B71AF99BAD00B5F7CC /* Products */;
					ProjectRef = 139105B61AF99BAD00B5F7CC /* RCTSettings.xcodeproj */;
				},
				{
					ProductGroup = 832341B11AAA6A8300B99B32 /* Products */;
					ProjectRef = 832341B01AAA6A8300B99B32 /* RCTText.xcodeproj */;
				},
				{
					ProductGroup = 00C302E01ABCB9EE00DB3ED1 /* Products */;
					ProjectRef = 00C302DF1ABCB9EE00DB3ED1 /* RCTVibration.xcodeproj */;
				},
				{
					ProductGroup = 139FDEE71B06529A00C62182 /* Products */;
					ProjectRef = 139FDEE61B06529A00C62182 /* RCTWebSocket.xcodeproj */;
				},
				{
					ProductGroup = 146834001AC3E56700842450 /* Products */;
					ProjectRef = 146833FF1AC3E56700842450 /* React.xcodeproj */;
				},
			);
			projectRoot = "";
			targets = (
				13B07F861A680F5B00A75B9A /* GuaDaMarket */,
				00E356ED1AD99517003FC87E /* GuaDaMarketTests */,
			);
		};
/* End PBXProject section */

/* Begin PBXReferenceProxy section */
		00C302AC1ABCB8CE00DB3ED1 /* libRCTActionSheet.a */ = {
			isa = PBXReferenceProxy;
			fileType = archive.ar;
			path = libRCTActionSheet.a;
			remoteRef = 00C302AB1ABCB8CE00DB3ED1 /* PBXContainerItemProxy */;
			sourceTree = BUILT_PRODUCTS_DIR;
		};
		00C302BA1ABCB90400DB3ED1 /* libRCTGeolocation.a */ = {
			isa = PBXReferenceProxy;
			fileType = archive.ar;
			path = libRCTGeolocation.a;
			remoteRef = 00C302B91ABCB90400DB3ED1 /* PBXContainerItemProxy */;
			sourceTree = BUILT_PRODUCTS_DIR;
		};
		00C302C01ABCB91800DB3ED1 /* libRCTImage.a */ = {
			isa = PBXReferenceProxy;
			fileType = archive.ar;
			path = libRCTImage.a;
			remoteRef = 00C302BF1ABCB91800DB3ED1 /* PBXContainerItemProxy */;
			sourceTree = BUILT_PRODUCTS_DIR;
		};
		00C302DC1ABCB9D200DB3ED1 /* libRCTNetwork.a */ = {
			isa = PBXReferenceProxy;
			fileType = archive.ar;
			path = libRCTNetwork.a;
			remoteRef = 00C302DB1ABCB9D200DB3ED1 /* PBXContainerItemProxy */;
			sourceTree = BUILT_PRODUCTS_DIR;
		};
		00C302E41ABCB9EE00DB3ED1 /* libRCTVibration.a */ = {
			isa = PBXReferenceProxy;
			fileType = archive.ar;
			path = libRCTVibration.a;
			remoteRef = 00C302E31ABCB9EE00DB3ED1 /* PBXContainerItemProxy */;
			sourceTree = BUILT_PRODUCTS_DIR;
		};
		139105C11AF99BAD00B5F7CC /* libRCTSettings.a */ = {
			isa = PBXReferenceProxy;
			fileType = archive.ar;
			path = libRCTSettings.a;
			remoteRef = 139105C01AF99BAD00B5F7CC /* PBXContainerItemProxy */;
			sourceTree = BUILT_PRODUCTS_DIR;
		};
		139FDEF41B06529B00C62182 /* libRCTWebSocket.a */ = {
			isa = PBXReferenceProxy;
			fileType = archive.ar;
			path = libRCTWebSocket.a;
			remoteRef = 139FDEF31B06529B00C62182 /* PBXContainerItemProxy */;
			sourceTree = BUILT_PRODUCTS_DIR;
		};
		146834041AC3E56700842450 /* libReact.a */ = {
			isa = PBXReferenceProxy;
			fileType = archive.ar;
			path = libReact.a;
			remoteRef = 146834031AC3E56700842450 /* PBXContainerItemProxy */;
			sourceTree = BUILT_PRODUCTS_DIR;
		};
		78C398B91ACF4ADC00677621 /* libRCTLinking.a */ = {
			isa = PBXReferenceProxy;
			fileType = archive.ar;
			path = libRCTLinking.a;
			remoteRef = 78C398B81ACF4ADC00677621 /* PBXContainerItemProxy */;
			sourceTree = BUILT_PRODUCTS_DIR;
		};
		832341B51AAA6A8300B99B32 /* libRCTText.a */ = {
			isa = PBXReferenceProxy;
			fileType = archive.ar;
			path = libRCTText.a;
			remoteRef = 832341B41AAA6A8300B99B32 /* PBXContainerItemProxy */;
			sourceTree = BUILT_PRODUCTS_DIR;
		};
/* End PBXReferenceProxy section */

/* Begin PBXResourcesBuildPhase section */
		00E356EC1AD99517003FC87E /* Resources */ = {
			isa = PBXResourcesBuildPhase;
			buildActionMask = 2147483647;
			files = (
			);
			runOnlyForDeploymentPostprocessing = 0;
		};
		13B07F8E1A680F5B00A75B9A /* Resources */ = {
			isa = PBXResourcesBuildPhase;
			buildActionMask = 2147483647;
			files = (
				73C259661B6CE49D002200C0 /* FontAwesome.ttf in Resources */,
				73E5E95C1B60B0F8000188D5 /* tab_icon11_n@2x.png in Resources */,
				008F07F31AC5B25A0029DE68 /* main.jsbundle in Resources */,
				73C259641B6CD2E3002200C0 /* bg.png in Resources */,
				73E5E95A1B60B0F8000188D5 /* loading@2x.png in Resources */,
				73C259371B6C9E2C002200C0 /* LICENSE in Resources */,
				13B07FBF1A68108700A75B9A /* Images.xcassets in Resources */,
				13B07FBD1A68108700A75B9A /* LaunchScreen.xib in Resources */,
				73E5E95B1B60B0F8000188D5 /* tab_icon01_n@2x.png in Resources */,
			);
			runOnlyForDeploymentPostprocessing = 0;
		};
/* End PBXResourcesBuildPhase section */

/* Begin PBXSourcesBuildPhase section */
		00E356EA1AD99517003FC87E /* Sources */ = {
			isa = PBXSourcesBuildPhase;
			buildActionMask = 2147483647;
			files = (
				00E356F31AD99517003FC87E /* GuaDaMarketTests.m in Sources */,
			);
			runOnlyForDeploymentPostprocessing = 0;
		};
/* End PBXSourcesBuildPhase section */

/* Begin PBXTargetDependency section */
		00E356F51AD99517003FC87E /* PBXTargetDependency */ = {
			isa = PBXTargetDependency;
			target = 13B07F861A680F5B00A75B9A /* GuaDaMarket */;
			targetProxy = 00E356F41AD99517003FC87E /* PBXContainerItemProxy */;
		};
/* End PBXTargetDependency section */

/* Begin PBXVariantGroup section */
		13B07FB11A68108700A75B9A /* LaunchScreen.xib */ = {
			isa = PBXVariantGroup;
			children = (
				13B07FB21A68108700A75B9A /* Base */,
			);
			name = LaunchScreen.xib;
			path = iOS;
			sourceTree = "<group>";
		};
/* End PBXVariantGroup section */

/* Begin XCBuildConfiguration section */
		00E356F61AD99517003FC87E /* Debug */ = {
			isa = XCBuildConfiguration;
			buildSettings = {
				BUNDLE_LOADER = "$(TEST_HOST)";
				FRAMEWORK_SEARCH_PATHS = (
					"$(SDKROOT)/Developer/Library/Frameworks",
					"$(inherited)",
				);
				GCC_PREPROCESSOR_DEFINITIONS = (
					"DEBUG=1",
					"$(inherited)",
				);
				INFOPLIST_FILE = GuaDaMarketTests/Info.plist;
				IPHONEOS_DEPLOYMENT_TARGET = 8.2;
				LD_RUNPATH_SEARCH_PATHS = "$(inherited) @executable_path/Frameworks @loader_path/Frameworks";
				PRODUCT_NAME = "$(TARGET_NAME)";
				TEST_HOST = "$(BUILT_PRODUCTS_DIR)/GuaDaMarket.app/GuaDaMarket";
			};
			name = Debug;
		};
		00E356F71AD99517003FC87E /* Release */ = {
			isa = XCBuildConfiguration;
			buildSettings = {
				BUNDLE_LOADER = "$(TEST_HOST)";
				COPY_PHASE_STRIP = NO;
				FRAMEWORK_SEARCH_PATHS = (
					"$(SDKROOT)/Developer/Library/Frameworks",
					"$(inherited)",
				);
				INFOPLIST_FILE = GuaDaMarketTests/Info.plist;
				IPHONEOS_DEPLOYMENT_TARGET = 8.2;
				LD_RUNPATH_SEARCH_PATHS = "$(inherited) @executable_path/Frameworks @loader_path/Frameworks";
				PRODUCT_NAME = "$(TARGET_NAME)";
				TEST_HOST = "$(BUILT_PRODUCTS_DIR)/GuaDaMarket.app/GuaDaMarket";
			};
			name = Release;
		};
		13B07F941A680F5B00A75B9A /* Debug */ = {
			isa = XCBuildConfiguration;
			buildSettings = {
				ASSETCATALOG_COMPILER_APPICON_NAME = AppIcon;
				HEADER_SEARCH_PATHS = (
					"$(inherited)",
					/Applications/Xcode.app/Contents/Developer/Toolchains/XcodeDefault.xctoolchain/usr/include,
					"$(SRCROOT)/node_modules/react-native/React/**",
				);
				INFOPLIST_FILE = iOS/Info.plist;
				LD_RUNPATH_SEARCH_PATHS = "$(inherited) @executable_path/Frameworks";
				OTHER_LDFLAGS = "-ObjC";
				PRODUCT_NAME = GuaDaMarket;
			};
			name = Debug;
		};
		13B07F951A680F5B00A75B9A /* Release */ = {
			isa = XCBuildConfiguration;
			buildSettings = {
				ASSETCATALOG_COMPILER_APPICON_NAME = AppIcon;
				HEADER_SEARCH_PATHS = (
					"$(inherited)",
					/Applications/Xcode.app/Contents/Developer/Toolchains/XcodeDefault.xctoolchain/usr/include,
					"$(SRCROOT)/node_modules/react-native/React/**",
				);
				INFOPLIST_FILE = iOS/Info.plist;
				LD_RUNPATH_SEARCH_PATHS = "$(inherited) @executable_path/Frameworks";
				OTHER_LDFLAGS = "-ObjC";
				PRODUCT_NAME = GuaDaMarket;
			};
			name = Release;
		};
		83CBBA201A601CBA00E9B192 /* Debug */ = {
			isa = XCBuildConfiguration;
			buildSettings = {
				ALWAYS_SEARCH_USER_PATHS = NO;
				CLANG_CXX_LANGUAGE_STANDARD = "gnu++0x";
				CLANG_CXX_LIBRARY = "libc++";
				CLANG_ENABLE_MODULES = YES;
				CLANG_ENABLE_OBJC_ARC = YES;
				CLANG_WARN_BOOL_CONVERSION = YES;
				CLANG_WARN_CONSTANT_CONVERSION = YES;
				CLANG_WARN_DIRECT_OBJC_ISA_USAGE = YES_ERROR;
				CLANG_WARN_EMPTY_BODY = YES;
				CLANG_WARN_ENUM_CONVERSION = YES;
				CLANG_WARN_INT_CONVERSION = YES;
				CLANG_WARN_OBJC_ROOT_CLASS = YES_ERROR;
				CLANG_WARN_UNREACHABLE_CODE = YES;
				CLANG_WARN__DUPLICATE_METHOD_MATCH = YES;
				"CODE_SIGN_IDENTITY[sdk=iphoneos*]" = "iPhone Developer";
				COPY_PHASE_STRIP = NO;
				ENABLE_STRICT_OBJC_MSGSEND = YES;
				GCC_C_LANGUAGE_STANDARD = gnu99;
				GCC_DYNAMIC_NO_PIC = NO;
				GCC_OPTIMIZATION_LEVEL = 0;
				GCC_PREPROCESSOR_DEFINITIONS = (
					"DEBUG=1",
					"$(inherited)",
				);
				GCC_SYMBOLS_PRIVATE_EXTERN = NO;
				GCC_WARN_64_TO_32_BIT_CONVERSION = YES;
				GCC_WARN_ABOUT_RETURN_TYPE = YES_ERROR;
				GCC_WARN_UNDECLARED_SELECTOR = YES;
				GCC_WARN_UNINITIALIZED_AUTOS = YES_AGGRESSIVE;
				GCC_WARN_UNUSED_FUNCTION = YES;
				GCC_WARN_UNUSED_VARIABLE = YES;
				HEADER_SEARCH_PATHS = (
					"$(inherited)",
					/Applications/Xcode.app/Contents/Developer/Toolchains/XcodeDefault.xctoolchain/usr/include,
					"$(SRCROOT)/node_modules/react-native/React/**",
				);
				IPHONEOS_DEPLOYMENT_TARGET = 7.0;
				MTL_ENABLE_DEBUG_INFO = YES;
				ONLY_ACTIVE_ARCH = YES;
				SDKROOT = iphoneos;
			};
			name = Debug;
		};
		83CBBA211A601CBA00E9B192 /* Release */ = {
			isa = XCBuildConfiguration;
			buildSettings = {
				ALWAYS_SEARCH_USER_PATHS = NO;
				CLANG_CXX_LANGUAGE_STANDARD = "gnu++0x";
				CLANG_CXX_LIBRARY = "libc++";
				CLANG_ENABLE_MODULES = YES;
				CLANG_ENABLE_OBJC_ARC = YES;
				CLANG_WARN_BOOL_CONVERSION = YES;
				CLANG_WARN_CONSTANT_CONVERSION = YES;
				CLANG_WARN_DIRECT_OBJC_ISA_USAGE = YES_ERROR;
				CLANG_WARN_EMPTY_BODY = YES;
				CLANG_WARN_ENUM_CONVERSION = YES;
				CLANG_WARN_INT_CONVERSION = YES;
				CLANG_WARN_OBJC_ROOT_CLASS = YES_ERROR;
				CLANG_WARN_UNREACHABLE_CODE = YES;
				CLANG_WARN__DUPLICATE_METHOD_MATCH = YES;
				"CODE_SIGN_IDENTITY[sdk=iphoneos*]" = "iPhone Developer";
				COPY_PHASE_STRIP = YES;
				ENABLE_NS_ASSERTIONS = NO;
				ENABLE_STRICT_OBJC_MSGSEND = YES;
				GCC_C_LANGUAGE_STANDARD = gnu99;
				GCC_WARN_64_TO_32_BIT_CONVERSION = YES;
				GCC_WARN_ABOUT_RETURN_TYPE = YES_ERROR;
				GCC_WARN_UNDECLARED_SELECTOR = YES;
				GCC_WARN_UNINITIALIZED_AUTOS = YES_AGGRESSIVE;
				GCC_WARN_UNUSED_FUNCTION = YES;
				GCC_WARN_UNUSED_VARIABLE = YES;
				HEADER_SEARCH_PATHS = (
					"$(inherited)",
					/Applications/Xcode.app/Contents/Developer/Toolchains/XcodeDefault.xctoolchain/usr/include,
					"$(SRCROOT)/node_modules/react-native/React/**",
				);
				IPHONEOS_DEPLOYMENT_TARGET = 7.0;
				MTL_ENABLE_DEBUG_INFO = NO;
				SDKROOT = iphoneos;
				VALIDATE_PRODUCT = YES;
			};
			name = Release;
		};
/* End XCBuildConfiguration section */

/* Begin XCConfigurationList section */
		00E357021AD99517003FC87E /* Build configuration list for PBXNativeTarget "GuaDaMarketTests" */ = {
			isa = XCConfigurationList;
			buildConfigurations = (
				00E356F61AD99517003FC87E /* Debug */,
				00E356F71AD99517003FC87E /* Release */,
			);
			defaultConfigurationIsVisible = 0;
			defaultConfigurationName = Release;
		};
		13B07F931A680F5B00A75B9A /* Build configuration list for PBXNativeTarget "GuaDaMarket" */ = {
			isa = XCConfigurationList;
			buildConfigurations = (
				13B07F941A680F5B00A75B9A /* Debug */,
				13B07F951A680F5B00A75B9A /* Release */,
			);
			defaultConfigurationIsVisible = 0;
			defaultConfigurationName = Release;
		};
		83CBB9FA1A601CBA00E9B192 /* Build configuration list for PBXProject "GuaDaMarket" */ = {
			isa = XCConfigurationList;
			buildConfigurations = (
				83CBBA201A601CBA00E9B192 /* Debug */,
				83CBBA211A601CBA00E9B192 /* Release */,
			);
			defaultConfigurationIsVisible = 0;
			defaultConfigurationName = Release;
		};
/* End XCConfigurationList section */
	};
	rootObject = 83CBB9F71A601CBA00E9B192 /* Project object */;
}
